{
  "name": "mathlikeanim_rs",
  "lockfileVersion": 3,
  "requires": true,
  "packages": {
    "": {
      "dependencies": {
        "mathlikeanim-rs": "^0.13.24"
      }
    },
    "node_modules/mathlikeanim-rs": {
      "version": "0.13.24",
      "resolved": "https://registry.npmjs.org/mathlikeanim-rs/-/mathlikeanim-rs-0.13.24.tgz",
      "integrity": "sha512-e7bbY2DgW3msEEK1GN+eFhvrgSvc1gYRKskjXbTWu4BFCO8BRiZjRXSKHeQcv7XUbZZhz1OYFMZgdx/5Fw4GOw==",
      "license": "MIT"
    }
  }
}
