# generated by rye
# use `rye lock` or `rye sync` to update this lockfile
#
# last locked with the following flags:
#   pre: false
#   features: []
#   all-features: false
#   with-sources: false
#   generate-hashes: false

-e file:.
certifi==2024.2.2
    # via requests
charset-normalizer==3.3.2
    # via requests
click==8.1.7
    # via mainframe-paxo
colorama==0.4.6
    # via click
    # via pytest
idna==3.6
    # via requests
iniconfig==2.0.0
    # via pytest
mypy==1.8.0
mypy-extensions==1.0.0
    # via mypy
packaging==23.2
    # via pytest
pluggy==1.4.0
    # via pytest
pytest==8.0.2
requests==2.31.0
    # via mainframe-paxo
typing-extensions==4.10.0
    # via mypy
urllib3==2.2.1
    # via requests
